
Microsoft Visual Studio Solution File, Format Version 12.00
# Visual Studio Version 16
VisualStudioVersion = 16.0.29911.84
MinimumVisualStudioVersion = 10.0.40219.1
Project("{2150E333-8FDC-42A3-9474-1A3956D46DE8}") = "CleanArch.Application", "CleanArch.Application", "{F08F9AEE-4121-4AC0-BE31-DBA7A1C24C08}"
EndProject
Project("{2150E333-8FDC-42A3-9474-1A3956D46DE8}") = "CleanArch.Domain", "CleanArch.Domain", "{6DB95226-FA6A-4EF2-BB8A-46EDE634B9CB}"
EndProject
Project("{2150E333-8FDC-42A3-9474-1A3956D46DE8}") = "CleanArch.Infra.IoC", "CleanArch.Infra.IoC", "{95206298-EFEA-49A2-821A-40999194EE87}"
EndProject
Project("{2150E333-8FDC-42A3-9474-1A3956D46DE8}") = "CleanArch.Infra.Data", "CleanArch.Infra.Data", "{96DD9320-BF50-493B-9B9A-B8973F56ECDA}"
EndProject
Project("{2150E333-8FDC-42A3-9474-1A3956D46DE8}") = "CleanArch.UI.RazorPage", "CleanArch.UI.RazorPage", "{4500D48D-AB44-47BD-A3B4-AC0EF4C217EA}"
EndProject
Project("{FAE04EC0-301F-11D3-BF4B-00C04F79EFBC}") = "CleanArch.RazorPage", "CleanArch.RazorPage\CleanArch.RazorPage.csproj", "{D05E3844-F67A-454E-B3A0-A316C6990E6A}"
EndProject
Global
	GlobalSection(SolutionConfigurationPlatforms) = preSolution
		Debug|Any CPU = Debug|Any CPU
		Release|Any CPU = Release|Any CPU
	EndGlobalSection
	GlobalSection(ProjectConfigurationPlatforms) = postSolution
		{D05E3844-F67A-454E-B3A0-A316C6990E6A}.Debug|Any CPU.ActiveCfg = Debug|Any CPU
		{D05E3844-F67A-454E-B3A0-A316C6990E6A}.Debug|Any CPU.Build.0 = Debug|Any CPU
		{D05E3844-F67A-454E-B3A0-A316C6990E6A}.Release|Any CPU.ActiveCfg = Release|Any CPU
		{D05E3844-F67A-454E-B3A0-A316C6990E6A}.Release|Any CPU.Build.0 = Release|Any CPU
	EndGlobalSection
	GlobalSection(SolutionProperties) = preSolution
		HideSolutionNode = FALSE
	EndGlobalSection
	GlobalSection(NestedProjects) = preSolution
		{D05E3844-F67A-454E-B3A0-A316C6990E6A} = {4500D48D-AB44-47BD-A3B4-AC0EF4C217EA}
	EndGlobalSection
	GlobalSection(ExtensibilityGlobals) = postSolution
		SolutionGuid = {56D5E0D4-7A87-425C-A8E1-D63B141D454A}
	EndGlobalSection
EndGlobal
